{
    "version": 3,
    "terraform_version": "0.9.8",
    "serial": 0,
    "lineage": "6c7a0db3-37ee-4615-a181-63d812902cd6",
    "modules": [
        {
            "path": [
                "root"
            ],
            "outputs": {},
            "resources": {
                "azurerm_storage_container.dev-tfstate": {
                    "type": "azurerm_storage_container",
                    "depends_on": [],
                    "primary": {
                        "id": "dev-tfstate",
                        "attributes": {
                            "container_access_type": "private",
                            "id": "dev-tfstate",
                            "name": "dev-tfstate",
                            "properties.%": "4",
                            "properties.last_modified": "Wed, 21 Jun 2017 17:09:48 GMT",
                            "properties.lease_duration": "",
                            "properties.lease_state": "available",
                            "properties.lease_status": "unlocked",
                            "resource_group_name": "100-rgTFLabState",
                            "storage_account_name": "100satflabstateinfra"
                        },
                        "meta": {},
                        "tainted": false
                    },
                    "deposed": [],
                    "provider": ""
                }
            },
            "depends_on": []
        },
        {
            "path": [
                "root",
                "lab_bastion"
            ],
            "outputs": {},
            "resources": {
                "azurerm_public_ip.pipVM": {
                    "type": "azurerm_public_ip",
                    "depends_on": [
                        "azurerm_resource_group.modVMRG"
                    ],
                    "primary": {
                        "id": "/subscriptions/ee3982b8-8edd-4051-b350-4168df355082/resourceGroups/100satflabstateinfra-rgVMwesteurope/providers/Microsoft.Network/publicIPAddresses/100satflabstateinfra-pipSingleVM",
                        "attributes": {
                            "id": "/subscriptions/ee3982b8-8edd-4051-b350-4168df355082/resourceGroups/100satflabstateinfra-rgVMwesteurope/providers/Microsoft.Network/publicIPAddresses/100satflabstateinfra-pipSingleVM",
                            "ip_address": "13.93.86.235",
                            "location": "westeurope",
                            "name": "100satflabstateinfra-pipSingleVM",
                            "public_ip_address_allocation": "static",
                            "resource_group_name": "100satflabstateinfra-rgVMwesteurope",
                            "tags.%": "1",
                            "tags.ServerRole": "Bastion"
                        },
                        "meta": {},
                        "tainted": false
                    },
                    "deposed": [],
                    "provider": ""
                },
                "azurerm_resource_group.modVMRG": {
                    "type": "azurerm_resource_group",
                    "depends_on": [],
                    "primary": {
                        "id": "/subscriptions/ee3982b8-8edd-4051-b350-4168df355082/resourceGroups/100satflabstateinfra-rgVMwesteurope",
                        "attributes": {
                            "id": "/subscriptions/ee3982b8-8edd-4051-b350-4168df355082/resourceGroups/100satflabstateinfra-rgVMwesteurope",
                            "location": "westeurope",
                            "name": "100satflabstateinfra-rgVMwesteurope",
                            "tags.%": "0"
                        },
                        "meta": {},
                        "tainted": false
                    },
                    "deposed": [],
                    "provider": ""
                }
            },
            "depends_on": []
        },
        {
            "path": [
                "root",
                "lab_network"
            ],
            "outputs": {},
            "resources": {
                "azurerm_resource_group.modNetworkRG": {
                    "type": "azurerm_resource_group",
                    "depends_on": [],
                    "primary": {
                        "id": "/subscriptions/ee3982b8-8edd-4051-b350-4168df355082/resourceGroups/100satflabstateinfra-rgNetwork",
                        "attributes": {
                            "id": "/subscriptions/ee3982b8-8edd-4051-b350-4168df355082/resourceGroups/100satflabstateinfra-rgNetwork",
                            "location": "westeurope",
                            "name": "100satflabstateinfra-rgNetwork",
                            "tags.%": "0"
                        },
                        "meta": {},
                        "tainted": false
                    },
                    "deposed": [],
                    "provider": ""
                }
            },
            "depends_on": []
        },
        {
            "path": [
                "root",
                "lab_webscaleset"
            ],
            "outputs": {},
            "resources": {
                "azurerm_lb.lbSS": {
                    "type": "azurerm_lb",
                    "depends_on": [
                        "azurerm_public_ip.pipSSLB",
                        "azurerm_resource_group.modSSRG"
                    ],
                    "primary": {
                        "id": "/subscriptions/ee3982b8-8edd-4051-b350-4168df355082/resourceGroups/100satflabstateinfra-rgVMSSwesteurope/providers/Microsoft.Network/loadBalancers/100satflabstateinfra-lbSS",
                        "attributes": {
                            "frontend_ip_configuration.#": "1",
                            "frontend_ip_configuration.0.inbound_nat_rules.#": "0",
                            "frontend_ip_configuration.0.load_balancer_rules.#": "0",
                            "frontend_ip_configuration.0.name": "PublicIPAddress",
                            "frontend_ip_configuration.0.private_ip_address": "",
                            "frontend_ip_configuration.0.private_ip_address_allocation": "Dynamic",
                            "frontend_ip_configuration.0.public_ip_address_id": "/subscriptions/ee3982b8-8edd-4051-b350-4168df355082/resourceGroups/100satflabstateinfra-rgVMSSwesteurope/providers/Microsoft.Network/publicIPAddresses/100satflabstateinfra-pipSSLB",
                            "frontend_ip_configuration.0.subnet_id": "",
                            "id": "/subscriptions/ee3982b8-8edd-4051-b350-4168df355082/resourceGroups/100satflabstateinfra-rgVMSSwesteurope/providers/Microsoft.Network/loadBalancers/100satflabstateinfra-lbSS",
                            "location": "westeurope",
                            "name": "100satflabstateinfra-lbSS",
                            "resource_group_name": "100satflabstateinfra-rgVMSSwesteurope",
                            "tags.%": "0"
                        },
                        "meta": {},
                        "tainted": false
                    },
                    "deposed": [],
                    "provider": ""
                },
                "azurerm_lb_backend_address_pool.bpepool": {
                    "type": "azurerm_lb_backend_address_pool",
                    "depends_on": [
                        "azurerm_lb.lbSS",
                        "azurerm_resource_group.modSSRG"
                    ],
                    "primary": {
                        "id": "/subscriptions/ee3982b8-8edd-4051-b350-4168df355082/resourceGroups/100satflabstateinfra-rgVMSSwesteurope/providers/Microsoft.Network/loadBalancers/100satflabstateinfra-lbSS/backendAddressPools/BackEndAddressPool",
                        "attributes": {
                            "backend_ip_configurations.#": "0",
                            "id": "/subscriptions/ee3982b8-8edd-4051-b350-4168df355082/resourceGroups/100satflabstateinfra-rgVMSSwesteurope/providers/Microsoft.Network/loadBalancers/100satflabstateinfra-lbSS/backendAddressPools/BackEndAddressPool",
                            "load_balancing_rules.#": "0",
                            "loadbalancer_id": "/subscriptions/ee3982b8-8edd-4051-b350-4168df355082/resourceGroups/100satflabstateinfra-rgVMSSwesteurope/providers/Microsoft.Network/loadBalancers/100satflabstateinfra-lbSS",
                            "name": "BackEndAddressPool",
                            "resource_group_name": "100satflabstateinfra-rgVMSSwesteurope"
                        },
                        "meta": {},
                        "tainted": false
                    },
                    "deposed": [],
                    "provider": ""
                },
                "azurerm_lb_probe.lbProbe": {
                    "type": "azurerm_lb_probe",
                    "depends_on": [
                        "azurerm_lb.lbSS",
                        "azurerm_resource_group.modSSRG"
                    ],
                    "primary": {
                        "id": "/subscriptions/ee3982b8-8edd-4051-b350-4168df355082/resourceGroups/100satflabstateinfra-rgVMSSwesteurope/providers/Microsoft.Network/loadBalancers/100satflabstateinfra-lbSS/probes/http-probe",
                        "attributes": {
                            "id": "/subscriptions/ee3982b8-8edd-4051-b350-4168df355082/resourceGroups/100satflabstateinfra-rgVMSSwesteurope/providers/Microsoft.Network/loadBalancers/100satflabstateinfra-lbSS/probes/http-probe",
                            "interval_in_seconds": "15",
                            "load_balancer_rules.#": "0",
                            "loadbalancer_id": "/subscriptions/ee3982b8-8edd-4051-b350-4168df355082/resourceGroups/100satflabstateinfra-rgVMSSwesteurope/providers/Microsoft.Network/loadBalancers/100satflabstateinfra-lbSS",
                            "name": "http-probe",
                            "number_of_probes": "2",
                            "port": "8081",
                            "protocol": "Tcp",
                            "request_path": "",
                            "resource_group_name": "100satflabstateinfra-rgVMSSwesteurope"
                        },
                        "meta": {},
                        "tainted": false
                    },
                    "deposed": [],
                    "provider": ""
                },
                "azurerm_lb_rule.test": {
                    "type": "azurerm_lb_rule",
                    "depends_on": [
                        "azurerm_lb.lbSS",
                        "azurerm_lb_backend_address_pool.bpepool",
                        "azurerm_lb_probe.lbProbe",
                        "azurerm_resource_group.modSSRG"
                    ],
                    "primary": {
                        "id": "/subscriptions/ee3982b8-8edd-4051-b350-4168df355082/resourceGroups/100satflabstateinfra-rgVMSSwesteurope/providers/Microsoft.Network/loadBalancers/100satflabstateinfra-lbSS/loadBalancingRules/TFLab-HTTP",
                        "attributes": {
                            "backend_address_pool_id": "/subscriptions/ee3982b8-8edd-4051-b350-4168df355082/resourceGroups/100satflabstateinfra-rgVMSSwesteurope/providers/Microsoft.Network/loadBalancers/100satflabstateinfra-lbSS/backendAddressPools/BackEndAddressPool",
                            "backend_port": "8081",
                            "enable_floating_ip": "false",
                            "frontend_ip_configuration_id": "/subscriptions/ee3982b8-8edd-4051-b350-4168df355082/resourceGroups/100satflabstateinfra-rgVMSSwesteurope/providers/Microsoft.Network/loadBalancers/100satflabstateinfra-lbSS/frontendIPConfigurations/PublicIPAddress",
                            "frontend_ip_configuration_name": "PublicIPAddress",
                            "frontend_port": "80",
                            "id": "/subscriptions/ee3982b8-8edd-4051-b350-4168df355082/resourceGroups/100satflabstateinfra-rgVMSSwesteurope/providers/Microsoft.Network/loadBalancers/100satflabstateinfra-lbSS/loadBalancingRules/TFLab-HTTP",
                            "idle_timeout_in_minutes": "4",
                            "load_distribution": "Default",
                            "loadbalancer_id": "/subscriptions/ee3982b8-8edd-4051-b350-4168df355082/resourceGroups/100satflabstateinfra-rgVMSSwesteurope/providers/Microsoft.Network/loadBalancers/100satflabstateinfra-lbSS",
                            "name": "TFLab-HTTP",
                            "probe_id": "/subscriptions/ee3982b8-8edd-4051-b350-4168df355082/resourceGroups/100satflabstateinfra-rgVMSSwesteurope/providers/Microsoft.Network/loadBalancers/100satflabstateinfra-lbSS/probes/http-probe",
                            "protocol": "Tcp",
                            "resource_group_name": "100satflabstateinfra-rgVMSSwesteurope"
                        },
                        "meta": {},
                        "tainted": false
                    },
                    "deposed": [],
                    "provider": ""
                },
                "azurerm_public_ip.pipSSLB": {
                    "type": "azurerm_public_ip",
                    "depends_on": [
                        "azurerm_resource_group.modSSRG"
                    ],
                    "primary": {
                        "id": "/subscriptions/ee3982b8-8edd-4051-b350-4168df355082/resourceGroups/100satflabstateinfra-rgVMSSwesteurope/providers/Microsoft.Network/publicIPAddresses/100satflabstateinfra-pipSSLB",
                        "attributes": {
                            "id": "/subscriptions/ee3982b8-8edd-4051-b350-4168df355082/resourceGroups/100satflabstateinfra-rgVMSSwesteurope/providers/Microsoft.Network/publicIPAddresses/100satflabstateinfra-pipSSLB",
                            "ip_address": "13.93.83.100",
                            "location": "westeurope",
                            "name": "100satflabstateinfra-pipSSLB",
                            "public_ip_address_allocation": "static",
                            "resource_group_name": "100satflabstateinfra-rgVMSSwesteurope",
                            "tags.%": "1",
                            "tags.ServerRole": "WebServer"
                        },
                        "meta": {},
                        "tainted": false
                    },
                    "deposed": [],
                    "provider": ""
                },
                "azurerm_resource_group.modSSRG": {
                    "type": "azurerm_resource_group",
                    "depends_on": [],
                    "primary": {
                        "id": "/subscriptions/ee3982b8-8edd-4051-b350-4168df355082/resourceGroups/100satflabstateinfra-rgVMSSwesteurope",
                        "attributes": {
                            "id": "/subscriptions/ee3982b8-8edd-4051-b350-4168df355082/resourceGroups/100satflabstateinfra-rgVMSSwesteurope",
                            "location": "westeurope",
                            "name": "100satflabstateinfra-rgVMSSwesteurope",
                            "tags.%": "0"
                        },
                        "meta": {},
                        "tainted": false
                    },
                    "deposed": [],
                    "provider": ""
                }
            },
            "depends_on": []
        }
    ]
}
